
Microsoft Visual Studio Solution File, Format Version 12.00
# Visual Studio Version 16
VisualStudioVersion = 16.0.29728.190
MinimumVisualStudioVersion = 10.0.40219.1
Project("{9A19103F-16F7-4668-BE54-9A1E7A4F7556}") = "InterestsCalculatorAPP", "InterestsCalculatorAPP\InterestsCalculatorAPP.csproj", "{ECB3BE4E-3F4C-484C-A6A5-ED83D6A9F4DB}"
EndProject
Project("{9A19103F-16F7-4668-BE54-9A1E7A4F7556}") = "InterestsCalculatorAPP.Service", "InterestsCalculatorAPP.Service\InterestsCalculatorAPP.Service.csproj", "{9F8C52F7-BC97-438D-B93E-1C40304A045F}"
EndProject
Project("{9A19103F-16F7-4668-BE54-9A1E7A4F7556}") = "InterestsCalculatorAPP.Domain", "InterestsCalculatorAPP.Domain\InterestsCalculatorAPP.Domain.csproj", "{C4251EA3-FEDD-4B5C-9AAC-A083D1FEFC14}"
EndProject
Global
	GlobalSection(SolutionConfigurationPlatforms) = preSolution
		Debug|Any CPU = Debug|Any CPU
		Release|Any CPU = Release|Any CPU
	EndGlobalSection
	GlobalSection(ProjectConfigurationPlatforms) = postSolution
		{ECB3BE4E-3F4C-484C-A6A5-ED83D6A9F4DB}.Debug|Any CPU.ActiveCfg = Debug|Any CPU
		{ECB3BE4E-3F4C-484C-A6A5-ED83D6A9F4DB}.Debug|Any CPU.Build.0 = Debug|Any CPU
		{ECB3BE4E-3F4C-484C-A6A5-ED83D6A9F4DB}.Release|Any CPU.ActiveCfg = Release|Any CPU
		{ECB3BE4E-3F4C-484C-A6A5-ED83D6A9F4DB}.Release|Any CPU.Build.0 = Release|Any CPU
		{9F8C52F7-BC97-438D-B93E-1C40304A045F}.Debug|Any CPU.ActiveCfg = Debug|Any CPU
		{9F8C52F7-BC97-438D-B93E-1C40304A045F}.Debug|Any CPU.Build.0 = Debug|Any CPU
		{9F8C52F7-BC97-438D-B93E-1C40304A045F}.Release|Any CPU.ActiveCfg = Release|Any CPU
		{9F8C52F7-BC97-438D-B93E-1C40304A045F}.Release|Any CPU.Build.0 = Release|Any CPU
		{C4251EA3-FEDD-4B5C-9AAC-A083D1FEFC14}.Debug|Any CPU.ActiveCfg = Debug|Any CPU
		{C4251EA3-FEDD-4B5C-9AAC-A083D1FEFC14}.Debug|Any CPU.Build.0 = Debug|Any CPU
		{C4251EA3-FEDD-4B5C-9AAC-A083D1FEFC14}.Release|Any CPU.ActiveCfg = Release|Any CPU
		{C4251EA3-FEDD-4B5C-9AAC-A083D1FEFC14}.Release|Any CPU.Build.0 = Release|Any CPU
	EndGlobalSection
	GlobalSection(SolutionProperties) = preSolution
		HideSolutionNode = FALSE
	EndGlobalSection
	GlobalSection(ExtensibilityGlobals) = postSolution
		SolutionGuid = {52C7DCBD-600E-445D-AC03-7C12675F6518}
	EndGlobalSection
EndGlobal
